{
  "name": "@ps-serverless/notifications-service",
  "version": "1.0.0",
  "lockfileVersion": 1,
  "requires": true,
  "dependencies": {
    "ajv": {
      "version": "6.12.6",
      "resolved": "https://advisory-cloud-460254793926.d.codeartifact.us-west-2.amazonaws.com:443/npm/advisory-lib-front/ajv/-/ajv-6.12.6.tgz",
      "integrity": "sha512-j3fVLgvTo527anyYyJOGTYJbG+vnnQYvE0m5mmkc1TK+nxAppkCLMIL0aZ4dblVCNoGShhm+kzE4ZUykBoMg4g==",
      "requires": {
        "fast-deep-equal": "^3.1.1",
        "fast-json-stable-stringify": "^2.0.0",
        "json-schema-traverse": "^0.4.1",
        "uri-js": "^4.2.2"
      }
    },
    "busboy": {
      "version": "0.3.1",
      "resolved": "https://advisory-cloud-460254793926.d.codeartifact.us-west-2.amazonaws.com:443/npm/advisory-lib-front/busboy/-/busboy-0.3.1.tgz",
      "integrity": "sha512-y7tTxhGKXcyBxRKAni+awqx8uqaJKrSFSNFSeRG5CsWNdmy2BIK+6VGWEW7TZnIO/533mtMEA4rOevQV815YJw==",
      "requires": {
        "dicer": "0.3.0"
      }
    },
    "dicer": {
      "version": "0.3.0",
      "resolved": "https://advisory-cloud-460254793926.d.codeartifact.us-west-2.amazonaws.com:443/npm/advisory-lib-front/dicer/-/dicer-0.3.0.tgz",
      "integrity": "sha512-MdceRRWqltEG2dZqO769g27N/3PXfcKl04VhYnBlo2YhH7zPi88VebsjTKclaOyiuMaGU72hTfw3VkUitGcVCA==",
      "requires": {
        "streamsearch": "0.1.2"
      }
    },
    "fast-deep-equal": {
      "version": "3.1.3",
      "resolved": "https://advisory-cloud-460254793926.d.codeartifact.us-west-2.amazonaws.com:443/npm/advisory-lib-front/fast-deep-equal/-/fast-deep-equal-3.1.3.tgz",
      "integrity": "sha512-f3qQ9oQy9j2AhBe/H9VC91wLmKBCCU/gDOnKNAYG5hswO7BLKj09Hc5HYNz9cGI++xlpDCIgDaitVs03ATR84Q=="
    },
    "fast-json-stable-stringify": {
      "version": "2.1.0",
      "resolved": "https://advisory-cloud-460254793926.d.codeartifact.us-west-2.amazonaws.com:443/npm/advisory-lib-front/fast-json-stable-stringify/-/fast-json-stable-stringify-2.1.0.tgz",
      "integrity": "sha512-lhd/wF+Lk98HZoTCtlVraHtfh5XYijIjalXck7saUtuanSDyLMxnHhSXEDJqHxD7msR8D0uCmqlkwjCV8xvwHw=="
    },
    "json-schema-traverse": {
      "version": "0.4.1",
      "resolved": "https://advisory-cloud-460254793926.d.codeartifact.us-west-2.amazonaws.com:443/npm/advisory-lib-front/json-schema-traverse/-/json-schema-traverse-0.4.1.tgz",
      "integrity": "sha512-xbbCH5dCYU5T8LcEhhuh7HJ88HXuW3qsI3Y0zOZFKfZEHcpWiHU/Jxzk629Brsab/mMiHQti9wMP+845RPe3Vg=="
    },
    "lambda-micro": {
      "version": "1.0.1",
      "resolved": "https://advisory-cloud-460254793926.d.codeartifact.us-west-2.amazonaws.com:443/npm/advisory-lib-front/lambda-micro/-/lambda-micro-1.0.1.tgz",
      "integrity": "sha512-BMOJY6cT/tV+9YdVur0K+imnDEuuURsfHHYawvlSODO17xmYrjCeNiHJsDWLpZxV/XId6MZXW+btyfdlP/80GQ==",
      "requires": {
        "ajv": "^6.12.6",
        "busboy": "^0.3.1",
        "url-pattern": "^1.0.3"
      }
    },
    "punycode": {
      "version": "2.1.1",
      "resolved": "https://advisory-cloud-460254793926.d.codeartifact.us-west-2.amazonaws.com:443/npm/advisory-lib-front/punycode/-/punycode-2.1.1.tgz",
      "integrity": "sha512-XRsRjdf+j5ml+y/6GKHPZbrF/8p2Yga0JPtdqTIY2Xe5ohJPD9saDJJLPvp9+NSBprVvevdXZybnj2cv8OEd0A=="
    },
    "streamsearch": {
      "version": "0.1.2",
      "resolved": "https://advisory-cloud-460254793926.d.codeartifact.us-west-2.amazonaws.com:443/npm/advisory-lib-front/streamsearch/-/streamsearch-0.1.2.tgz",
      "integrity": "sha1-gIudDlb8Jz2Am6VzOOkpkZoanxo="
    },
    "uri-js": {
      "version": "4.4.1",
      "resolved": "https://advisory-cloud-460254793926.d.codeartifact.us-west-2.amazonaws.com:443/npm/advisory-lib-front/uri-js/-/uri-js-4.4.1.tgz",
      "integrity": "sha512-7rKUyy33Q1yc98pQ1DAmLtwX109F7TIfWlW1Ydo8Wl1ii1SeHieeh0HHfPeL2fMXK6z0s8ecKs9frCuLJvndBg==",
      "requires": {
        "punycode": "^2.1.0"
      }
    },
    "url-pattern": {
      "version": "1.0.3",
      "resolved": "https://advisory-cloud-460254793926.d.codeartifact.us-west-2.amazonaws.com:443/npm/advisory-lib-front/url-pattern/-/url-pattern-1.0.3.tgz",
      "integrity": "sha512-uQcEj/2puA4aq1R3A2+VNVBgaWYR24FdWjl7VNW83rnWftlhyzOZ/tBjezRiC2UkIzuxC8Top3IekN3vUf1WxA=="
    }
  }
}
