{
  "name": "@ps-serverless/employees-service",
  "version": "1.0.0",
  "lockfileVersion": 1,
  "requires": true,
  "dependencies": {
    "@babel/eslint-parser": {
      "version": "7.19.1",
      "resolved": "https://advisory-cloud-460254793926.d.codeartifact.us-west-2.amazonaws.com:443/npm/advisory-lib-front/@babel/eslint-parser/-/eslint-parser-7.19.1.tgz",
      "integrity": "sha512-AqNf2QWt1rtu2/1rLswy6CDP7H9Oh3mMhk177Y67Rg8d7RD9WfOLLv8CGn6tisFvS2htm86yIe1yLF6I1UDaGQ==",
      "requires": {
        "@nicolo-ribaudo/eslint-scope-5-internals": "5.1.1-v1",
        "eslint-visitor-keys": "^2.1.0",
        "semver": "^6.3.0"
      }
    },
    "@nicolo-ribaudo/eslint-scope-5-internals": {
      "version": "5.1.1-v1",
      "resolved": "https://advisory-cloud-460254793926.d.codeartifact.us-west-2.amazonaws.com:443/npm/advisory-lib-front/@nicolo-ribaudo/eslint-scope-5-internals/-/eslint-scope-5-internals-5.1.1-v1.tgz",
      "integrity": "sha512-54/JRvkLIzzDWshCWfuhadfrfZVPiElY8Fcgmg1HroEly/EDSszzhBAsarCux+D/kOslTRquNzuyGSmUSTTHGg==",
      "requires": {
        "eslint-scope": "5.1.1"
      }
    },
    "@xmldom/xmldom": {
      "version": "0.8.6",
      "resolved": "https://advisory-cloud-460254793926.d.codeartifact.us-west-2.amazonaws.com:443/npm/advisory-lib-front/@xmldom/xmldom/-/xmldom-0.8.6.tgz",
      "integrity": "sha512-uRjjusqpoqfmRkTaNuLJ2VohVr67Q5YwDATW3VU7PfzTj6IRaihGrYI7zckGZjxQPBIp63nfvJbM+Yu5ICh0Bg=="
    },
    "ajv": {
      "version": "6.12.6",
      "resolved": "https://advisory-cloud-460254793926.d.codeartifact.us-west-2.amazonaws.com:443/npm/advisory-lib-front/ajv/-/ajv-6.12.6.tgz",
      "integrity": "sha512-j3fVLgvTo527anyYyJOGTYJbG+vnnQYvE0m5mmkc1TK+nxAppkCLMIL0aZ4dblVCNoGShhm+kzE4ZUykBoMg4g==",
      "requires": {
        "fast-deep-equal": "^3.1.1",
        "fast-json-stable-stringify": "^2.0.0",
        "json-schema-traverse": "^0.4.1",
        "uri-js": "^4.2.2"
      }
    },
    "busboy": {
      "version": "0.3.1",
      "resolved": "https://advisory-cloud-460254793926.d.codeartifact.us-west-2.amazonaws.com:443/npm/advisory-lib-front/busboy/-/busboy-0.3.1.tgz",
      "integrity": "sha512-y7tTxhGKXcyBxRKAni+awqx8uqaJKrSFSNFSeRG5CsWNdmy2BIK+6VGWEW7TZnIO/533mtMEA4rOevQV815YJw==",
      "requires": {
        "dicer": "0.3.0"
      }
    },
    "dicer": {
      "version": "0.3.0",
      "resolved": "https://advisory-cloud-460254793926.d.codeartifact.us-west-2.amazonaws.com:443/npm/advisory-lib-front/dicer/-/dicer-0.3.0.tgz",
      "integrity": "sha512-MdceRRWqltEG2dZqO769g27N/3PXfcKl04VhYnBlo2YhH7zPi88VebsjTKclaOyiuMaGU72hTfw3VkUitGcVCA==",
      "requires": {
        "streamsearch": "0.1.2"
      }
    },
    "docxtemplater": {
      "version": "3.32.4",
      "resolved": "https://advisory-cloud-460254793926.d.codeartifact.us-west-2.amazonaws.com:443/npm/advisory-lib-front/docxtemplater/-/docxtemplater-3.32.4.tgz",
      "integrity": "sha512-+U+vFOh+y/kOciFkkZPR45CarRUcb0l8wtlsuJitgMIQmpJdoqW1y4ptJ/XWuAm+FYkVqXWz2lGMv3zDhsE0oA==",
      "requires": {
        "@xmldom/xmldom": "^0.8.6"
      }
    },
    "eslint-scope": {
      "version": "5.1.1",
      "resolved": "https://advisory-cloud-460254793926.d.codeartifact.us-west-2.amazonaws.com:443/npm/advisory-lib-front/eslint-scope/-/eslint-scope-5.1.1.tgz",
      "integrity": "sha512-2NxwbF/hZ0KpepYN0cNbo+FN6XoK7GaHlQhgx/hIZl6Va0bF45RQOOwhLIy8lQDbuCiadSLCBnH2CFYquit5bw==",
      "requires": {
        "esrecurse": "^4.3.0",
        "estraverse": "^4.1.1"
      }
    },
    "eslint-visitor-keys": {
      "version": "2.1.0",
      "resolved": "https://advisory-cloud-460254793926.d.codeartifact.us-west-2.amazonaws.com:443/npm/advisory-lib-front/eslint-visitor-keys/-/eslint-visitor-keys-2.1.0.tgz",
      "integrity": "sha512-0rSmRBzXgDzIsD6mGdJgevzgezI534Cer5L/vyMX0kHzT/jiB43jRhd9YUlMGYLQy2zprNmoT8qasCGtY+QaKw=="
    },
    "esrecurse": {
      "version": "4.3.0",
      "resolved": "https://advisory-cloud-460254793926.d.codeartifact.us-west-2.amazonaws.com:443/npm/advisory-lib-front/esrecurse/-/esrecurse-4.3.0.tgz",
      "integrity": "sha512-KmfKL3b6G+RXvP8N1vr3Tq1kL/oCFgn2NYXEtqP8/L3pKapUA4G8cFVaoF3SU323CD4XypR/ffioHmkti6/Tag==",
      "requires": {
        "estraverse": "^5.2.0"
      },
      "dependencies": {
        "estraverse": {
          "version": "5.3.0",
          "resolved": "https://advisory-cloud-460254793926.d.codeartifact.us-west-2.amazonaws.com:443/npm/advisory-lib-front/estraverse/-/estraverse-5.3.0.tgz",
          "integrity": "sha512-MMdARuVEQziNTeJD8DgMqmhwR11BRQ/cBP+pLtYdSTnf3MIO8fFeiINEbX36ZdNlfU/7A9f3gUw49B3oQsvwBA=="
        }
      }
    },
    "estraverse": {
      "version": "4.3.0",
      "resolved": "https://advisory-cloud-460254793926.d.codeartifact.us-west-2.amazonaws.com:443/npm/advisory-lib-front/estraverse/-/estraverse-4.3.0.tgz",
      "integrity": "sha512-39nnKffWz8xN1BU/2c79n9nB9HDzo0niYUqx6xyqUnyoAnQyyWpOTdZEeiCch8BBu515t4wp9ZmgVfVhn9EBpw=="
    },
    "fast-deep-equal": {
      "version": "3.1.3",
      "resolved": "https://advisory-cloud-460254793926.d.codeartifact.us-west-2.amazonaws.com:443/npm/advisory-lib-front/fast-deep-equal/-/fast-deep-equal-3.1.3.tgz",
      "integrity": "sha512-f3qQ9oQy9j2AhBe/H9VC91wLmKBCCU/gDOnKNAYG5hswO7BLKj09Hc5HYNz9cGI++xlpDCIgDaitVs03ATR84Q=="
    },
    "fast-json-stable-stringify": {
      "version": "2.1.0",
      "resolved": "https://advisory-cloud-460254793926.d.codeartifact.us-west-2.amazonaws.com:443/npm/advisory-lib-front/fast-json-stable-stringify/-/fast-json-stable-stringify-2.1.0.tgz",
      "integrity": "sha512-lhd/wF+Lk98HZoTCtlVraHtfh5XYijIjalXck7saUtuanSDyLMxnHhSXEDJqHxD7msR8D0uCmqlkwjCV8xvwHw=="
    },
    "json-schema-traverse": {
      "version": "0.4.1",
      "resolved": "https://advisory-cloud-460254793926.d.codeartifact.us-west-2.amazonaws.com:443/npm/advisory-lib-front/json-schema-traverse/-/json-schema-traverse-0.4.1.tgz",
      "integrity": "sha512-xbbCH5dCYU5T8LcEhhuh7HJ88HXuW3qsI3Y0zOZFKfZEHcpWiHU/Jxzk629Brsab/mMiHQti9wMP+845RPe3Vg=="
    },
    "lambda-micro": {
      "version": "1.0.1",
      "resolved": "https://advisory-cloud-460254793926.d.codeartifact.us-west-2.amazonaws.com:443/npm/advisory-lib-front/lambda-micro/-/lambda-micro-1.0.1.tgz",
      "integrity": "sha512-BMOJY6cT/tV+9YdVur0K+imnDEuuURsfHHYawvlSODO17xmYrjCeNiHJsDWLpZxV/XId6MZXW+btyfdlP/80GQ==",
      "requires": {
        "ajv": "^6.12.6",
        "busboy": "^0.3.1",
        "url-pattern": "^1.0.3"
      }
    },
    "pako": {
      "version": "2.1.0",
      "resolved": "https://advisory-cloud-460254793926.d.codeartifact.us-west-2.amazonaws.com:443/npm/advisory-lib-front/pako/-/pako-2.1.0.tgz",
      "integrity": "sha512-w+eufiZ1WuJYgPXbV/PO3NCMEc3xqylkKHzp8bxp1uW4qaSNQUkwmLLEc3kKsfz8lpV1F8Ht3U1Cm+9Srog2ug=="
    },
    "pizzip": {
      "version": "3.1.3",
      "resolved": "https://advisory-cloud-460254793926.d.codeartifact.us-west-2.amazonaws.com:443/npm/advisory-lib-front/pizzip/-/pizzip-3.1.3.tgz",
      "integrity": "sha512-IR1PQS7W3912CQe93nbnKVlWGnSImYQDwed1bGdpVpXsOt61bXhg9+LzGOsqcK/sbIt5WLkjWXj6RCPt12ktqg==",
      "requires": {
        "@babel/eslint-parser": "^7.19.1",
        "pako": "^2.0.4"
      }
    },
    "punycode": {
      "version": "2.1.1",
      "resolved": "https://advisory-cloud-460254793926.d.codeartifact.us-west-2.amazonaws.com:443/npm/advisory-lib-front/punycode/-/punycode-2.1.1.tgz",
      "integrity": "sha512-XRsRjdf+j5ml+y/6GKHPZbrF/8p2Yga0JPtdqTIY2Xe5ohJPD9saDJJLPvp9+NSBprVvevdXZybnj2cv8OEd0A=="
    },
    "semver": {
      "version": "6.3.0",
      "resolved": "https://advisory-cloud-460254793926.d.codeartifact.us-west-2.amazonaws.com:443/npm/advisory-lib-front/semver/-/semver-6.3.0.tgz",
      "integrity": "sha512-b39TBaTSfV6yBrapU89p5fKekE2m/NwnDocOVruQFS1/veMgdzuPcnOM34M6CwxW8jH/lxEa5rBoDeUwu5HHTw=="
    },
    "streamsearch": {
      "version": "0.1.2",
      "resolved": "https://advisory-cloud-460254793926.d.codeartifact.us-west-2.amazonaws.com:443/npm/advisory-lib-front/streamsearch/-/streamsearch-0.1.2.tgz",
      "integrity": "sha1-gIudDlb8Jz2Am6VzOOkpkZoanxo="
    },
    "uri-js": {
      "version": "4.4.1",
      "resolved": "https://advisory-cloud-460254793926.d.codeartifact.us-west-2.amazonaws.com:443/npm/advisory-lib-front/uri-js/-/uri-js-4.4.1.tgz",
      "integrity": "sha512-7rKUyy33Q1yc98pQ1DAmLtwX109F7TIfWlW1Ydo8Wl1ii1SeHieeh0HHfPeL2fMXK6z0s8ecKs9frCuLJvndBg==",
      "requires": {
        "punycode": "^2.1.0"
      }
    },
    "url-pattern": {
      "version": "1.0.3",
      "resolved": "https://advisory-cloud-460254793926.d.codeartifact.us-west-2.amazonaws.com:443/npm/advisory-lib-front/url-pattern/-/url-pattern-1.0.3.tgz",
      "integrity": "sha512-uQcEj/2puA4aq1R3A2+VNVBgaWYR24FdWjl7VNW83rnWftlhyzOZ/tBjezRiC2UkIzuxC8Top3IekN3vUf1WxA=="
    }
  }
}
